// !$*UTF8*$!
{
	archiveVersion = 1;
	classes = {
	};
	objectVersion = 46;
	objects = {

/* Begin PBXBuildFile section */
		1EBAC9B91E3B9A0600ACFACD /* secondController.cpp in Sources */ = {isa = PBXBuildFile; fileRef = 1EBAC9B71E3B9A0600ACFACD /* secondController.cpp */; };
		1EBAC9BB1E3B9A1500ACFACD /* secondRunner.cpp in Sources */ = {isa = PBXBuildFile; fileRef = 1EBAC9BA1E3B9A1500ACFACD /* secondRunner.cpp */; };
/* End PBXBuildFile section */

/* Begin PBXCopyFilesBuildPhase section */
		1EBAC9AB1E3B993400ACFACD /* CopyFiles */ = {
			isa = PBXCopyFilesBuildPhase;
			buildActionMask = 2147483647;
			dstPath = /usr/share/man/man1/;
			dstSubfolderSpec = 0;
			files = (
			);
			runOnlyForDeploymentPostprocessing = 1;
		};
/* End PBXCopyFilesBuildPhase section */

/* Begin PBXFileReference section */
		1EBAC9AD1E3B993400ACFACD /* secondProject */ = {isa = PBXFileReference; explicitFileType = "compiled.mach-o.executable"; includeInIndex = 0; path = secondProject; sourceTree = BUILT_PRODUCTS_DIR; };
		1EBAC9B71E3B9A0600ACFACD /* secondController.cpp */ = {isa = PBXFileReference; fileEncoding = 4; lastKnownFileType = sourcecode.cpp.cpp; path = secondController.cpp; sourceTree = "<group>"; };
		1EBAC9B81E3B9A0600ACFACD /* secondController.hpp */ = {isa = PBXFileReference; fileEncoding = 4; lastKnownFileType = sourcecode.cpp.h; path = secondController.hpp; sourceTree = "<group>"; };
		1EBAC9BA1E3B9A1500ACFACD /* secondRunner.cpp */ = {isa = PBXFileReference; fileEncoding = 4; lastKnownFileType = sourcecode.cpp.cpp; path = secondRunner.cpp; sourceTree = "<group>"; };
/* End PBXFileReference section */

/* Begin PBXFrameworksBuildPhase section */
		1EBAC9AA1E3B993400ACFACD /* Frameworks */ = {
			isa = PBXFrameworksBuildPhase;
			buildActionMask = 2147483647;
			files = (
			);
			runOnlyForDeploymentPostprocessing = 0;
		};
/* End PBXFrameworksBuildPhase section */

/* Begin PBXGroup section */
		1EBAC9A41E3B993400ACFACD = {
			isa = PBXGroup;
			children = (
				1EBAC9AF1E3B993400ACFACD /* secondProject */,
				1EBAC9AE1E3B993400ACFACD /* Products */,
			);
			sourceTree = "<group>";
		};
		1EBAC9AE1E3B993400ACFACD /* Products */ = {
			isa = PBXGroup;
			children = (
				1EBAC9AD1E3B993400ACFACD /* secondProject */,
			);
			name = Products;
			sourceTree = "<group>";
		};
		1EBAC9AF1E3B993400ACFACD /* secondProject */ = {
			isa = PBXGroup;
			children = (
				1EBAC9BC1E3B9A2D00ACFACD /* Controller */,
			);
			path = secondProject;
			sourceTree = "<group>";
		};
		1EBAC9BC1E3B9A2D00ACFACD /* Controller */ = {
			isa = PBXGroup;
			children = (
				1EBAC9B71E3B9A0600ACFACD /* secondController.cpp */,
				1EBAC9BA1E3B9A1500ACFACD /* secondRunner.cpp */,
				1EBAC9B81E3B9A0600ACFACD /* secondController.hpp */,
			);
			name = Controller;
			sourceTree = "<group>";
		};
/* End PBXGroup section */

/* Begin PBXNativeTarget section */
		1EBAC9AC1E3B993400ACFACD /* secondProject */ = {
			isa = PBXNativeTarget;
			buildConfigurationList = 1EBAC9B41E3B993400ACFACD /* Build configuration list for PBXNativeTarget "secondProject" */;
			buildPhases = (
				1EBAC9A91E3B993400ACFACD /* Sources */,
				1EBAC9AA1E3B993400ACFACD /* Frameworks */,
				1EBAC9AB1E3B993400ACFACD /* CopyFiles */,
			);
			buildRules = (
			);
			dependencies = (
			);
			name = secondProject;
			productName = secondProject;
			productReference = 1EBAC9AD1E3B993400ACFACD /* secondProject */;
			productType = "com.apple.product-type.tool";
		};
/* End PBXNativeTarget section */

/* Begin PBXProject section */
		1EBAC9A51E3B993400ACFACD /* Project object */ = {
			isa = PBXProject;
			attributes = {
				LastUpgradeCheck = 0810;
				ORGANIZATIONNAME = "Adams, Kyle";
				TargetAttributes = {
					1EBAC9AC1E3B993400ACFACD = {
						CreatedOnToolsVersion = 8.1;
						ProvisioningStyle = Automatic;
					};
				};
			};
			buildConfigurationList = 1EBAC9A81E3B993400ACFACD /* Build configuration list for PBXProject "secondProject" */;
			compatibilityVersion = "Xcode 3.2";
			developmentRegion = English;
			hasScannedForEncodings = 0;
			knownRegions = (
				en,
			);
			mainGroup = 1EBAC9A41E3B993400ACFACD;
			productRefGroup = 1EBAC9AE1E3B993400ACFACD /* Products */;
			projectDirPath = "";
			projectRoot = "";
			targets = (
				1EBAC9AC1E3B993400ACFACD /* secondProject */,
			);
		};
/* End PBXProject section */

/* Begin PBXSourcesBuildPhase section */
		1EBAC9A91E3B993400ACFACD /* Sources */ = {
			isa = PBXSourcesBuildPhase;
			buildActionMask = 2147483647;
			files = (
				1EBAC9B91E3B9A0600ACFACD /* secondController.cpp in Sources */,
				1EBAC9BB1E3B9A1500ACFACD /* secondRunner.cpp in Sources */,
			);
			runOnlyForDeploymentPostprocessing = 0;
		};
/* End PBXSourcesBuildPhase section */

/* Begin XCBuildConfiguration section */
		1EBAC9B21E3B993400ACFACD /* Debug */ = {
			isa = XCBuildConfiguration;
			buildSettings = {
				ALWAYS_SEARCH_USER_PATHS = NO;
				CLANG_ANALYZER_NONNULL = YES;
				CLANG_CXX_LANGUAGE_STANDARD = "gnu++0x";
				CLANG_CXX_LIBRARY = "libc++";
				CLANG_ENABLE_MODULES = YES;
				CLANG_ENABLE_OBJC_ARC = YES;
				CLANG_WARN_BOOL_CONVERSION = YES;
				CLANG_WARN_CONSTANT_CONVERSION = YES;
				CLANG_WARN_DIRECT_OBJC_ISA_USAGE = YES_ERROR;
				CLANG_WARN_DOCUMENTATION_COMMENTS = YES;
				CLANG_WARN_EMPTY_BODY = YES;
				CLANG_WARN_ENUM_CONVERSION = YES;
				CLANG_WARN_INFINITE_RECURSION = YES;
				CLANG_WARN_INT_CONVERSION = YES;
				CLANG_WARN_OBJC_ROOT_CLASS = YES_ERROR;
				CLANG_WARN_SUSPICIOUS_MOVES = YES;
				CLANG_WARN_UNREACHABLE_CODE = YES;
				CLANG_WARN__DUPLICATE_METHOD_MATCH = YES;
				CODE_SIGN_IDENTITY = "-";
				COPY_PHASE_STRIP = NO;
				DEBUG_INFORMATION_FORMAT = dwarf;
				ENABLE_STRICT_OBJC_MSGSEND = YES;
				ENABLE_TESTABILITY = YES;
				GCC_C_LANGUAGE_STANDARD = gnu99;
				GCC_DYNAMIC_NO_PIC = NO;
				GCC_NO_COMMON_BLOCKS = YES;
				GCC_OPTIMIZATION_LEVEL = 0;
				GCC_PREPROCESSOR_DEFINITIONS = (
					"DEBUG=1",
					"$(inherited)",
				);
				GCC_WARN_64_TO_32_BIT_CONVERSION = YES;
				GCC_WARN_ABOUT_RETURN_TYPE = YES_ERROR;
				GCC_WARN_UNDECLARED_SELECTOR = YES;
				GCC_WARN_UNINITIALIZED_AUTOS = YES_AGGRESSIVE;
				GCC_WARN_UNUSED_FUNCTION = YES;
				GCC_WARN_UNUSED_VARIABLE = YES;
				MACOSX_DEPLOYMENT_TARGET = 10.11;
				MTL_ENABLE_DEBUG_INFO = YES;
				ONLY_ACTIVE_ARCH = YES;
				SDKROOT = macosx;
			};
			name = Debug;
		};
		1EBAC9B31E3B993400ACFACD /* Release */ = {
			isa = XCBuildConfiguration;
			buildSettings = {
				ALWAYS_SEARCH_USER_PATHS = NO;
				CLANG_ANALYZER_NONNULL = YES;
				CLANG_CXX_LANGUAGE_STANDARD = "gnu++0x";
				CLANG_CXX_LIBRARY = "libc++";
				CLANG_ENABLE_MODULES = YES;
				CLANG_ENABLE_OBJC_ARC = YES;
				CLANG_WARN_BOOL_CONVERSION = YES;
				CLANG_WARN_CONSTANT_CONVERSION = YES;
				CLANG_WARN_DIRECT_OBJC_ISA_USAGE = YES_ERROR;
				CLANG_WARN_DOCUMENTATION_COMMENTS = YES;
				CLANG_WARN_EMPTY_BODY = YES;
				CLANG_WARN_ENUM_CONVERSION = YES;
				CLANG_WARN_INFINITE_RECURSION = YES;
				CLANG_WARN_INT_CONVERSION = YES;
				CLANG_WARN_OBJC_ROOT_CLASS = YES_ERROR;
				CLANG_WARN_SUSPICIOUS_MOVES = YES;
				CLANG_WARN_UNREACHABLE_CODE = YES;
				CLANG_WARN__DUPLICATE_METHOD_MATCH = YES;
				CODE_SIGN_IDENTITY = "-";
				COPY_PHASE_STRIP = NO;
				DEBUG_INFORMATION_FORMAT = "dwarf-with-dsym";
				ENABLE_NS_ASSERTIONS = NO;
				ENABLE_STRICT_OBJC_MSGSEND = YES;
				GCC_C_LANGUAGE_STANDARD = gnu99;
				GCC_NO_COMMON_BLOCKS = YES;
				GCC_WARN_64_TO_32_BIT_CONVERSION = YES;
				GCC_WARN_ABOUT_RETURN_TYPE = YES_ERROR;
				GCC_WARN_UNDECLARED_SELECTOR = YES;
				GCC_WARN_UNINITIALIZED_AUTOS = YES_AGGRESSIVE;
				GCC_WARN_UNUSED_FUNCTION = YES;
				GCC_WARN_UNUSED_VARIABLE = YES;
				MACOSX_DEPLOYMENT_TARGET = 10.11;
				MTL_ENABLE_DEBUG_INFO = NO;
				SDKROOT = macosx;
			};
			name = Release;
		};
		1EBAC9B51E3B993400ACFACD /* Debug */ = {
			isa = XCBuildConfiguration;
			buildSettings = {
				PRODUCT_NAME = "$(TARGET_NAME)";
			};
			name = Debug;
		};
		1EBAC9B61E3B993400ACFACD /* Release */ = {
			isa = XCBuildConfiguration;
			buildSettings = {
				PRODUCT_NAME = "$(TARGET_NAME)";
			};
			name = Release;
		};
/* End XCBuildConfiguration section */

/* Begin XCConfigurationList section */
		1EBAC9A81E3B993400ACFACD /* Build configuration list for PBXProject "secondProject" */ = {
			isa = XCConfigurationList;
			buildConfigurations = (
				1EBAC9B21E3B993400ACFACD /* Debug */,
				1EBAC9B31E3B993400ACFACD /* Release */,
			);
			defaultConfigurationIsVisible = 0;
			defaultConfigurationName = Release;
		};
		1EBAC9B41E3B993400ACFACD /* Build configuration list for PBXNativeTarget "secondProject" */ = {
			isa = XCConfigurationList;
			buildConfigurations = (
				1EBAC9B51E3B993400ACFACD /* Debug */,
				1EBAC9B61E3B993400ACFACD /* Release */,
			);
			defaultConfigurationIsVisible = 0;
		};
/* End XCConfigurationList section */
	};
	rootObject = 1EBAC9A51E3B993400ACFACD /* Project object */;
}
